
Microsoft Visual Studio Solution File, Format Version 12.00
# Visual Studio 15
VisualStudioVersion = 15.0.28307.271
MinimumVisualStudioVersion = 10.0.40219.1
Project("{FAE04EC0-301F-11D3-BF4B-00C04F79EFBC}") = "WebcoreApplication1", "WebcoreApplication1\WebcoreApplication1.csproj", "{F333F070-8591-41A6-A117-969162773DD3}"
EndProject
Global
	GlobalSection(SolutionConfigurationPlatforms) = preSolution
		Debug|Any CPU = Debug|Any CPU
		Release|Any CPU = Release|Any CPU
	EndGlobalSection
	GlobalSection(ProjectConfigurationPlatforms) = postSolution
		{F333F070-8591-41A6-A117-969162773DD3}.Debug|Any CPU.ActiveCfg = Debug|Any CPU
		{F333F070-8591-41A6-A117-969162773DD3}.Debug|Any CPU.Build.0 = Debug|Any CPU
		{F333F070-8591-41A6-A117-969162773DD3}.Release|Any CPU.ActiveCfg = Release|Any CPU
		{F333F070-8591-41A6-A117-969162773DD3}.Release|Any CPU.Build.0 = Release|Any CPU
	EndGlobalSection
	GlobalSection(SolutionProperties) = preSolution
		HideSolutionNode = FALSE
	EndGlobalSection
	GlobalSection(ExtensibilityGlobals) = postSolution
		SolutionGuid = {A6FD38F6-220D-4F45-AA16-50AE2692047E}
	EndGlobalSection
EndGlobal
